
Microsoft Visual Studio Solution File, Format Version 12.00
# Visual Studio 2012
Project("{159641D6-6404-4A2A-AE62-294DE0FE8301}") = "SSIS - SMSO Tool", "SSIS - SMSO Tool\SSIS - SMSO Tool.dtproj", "{B36F0F6C-ECEB-4BCF-AF3B-9D976CA4DBE3}"
EndProject
Global
	GlobalSection(SolutionConfigurationPlatforms) = preSolution
		Development|Default = Development|Default
	EndGlobalSection
	GlobalSection(ProjectConfigurationPlatforms) = postSolution
		{B36F0F6C-ECEB-4BCF-AF3B-9D976CA4DBE3}.Development|Default.ActiveCfg = Development
		{B36F0F6C-ECEB-4BCF-AF3B-9D976CA4DBE3}.Development|Default.Build.0 = Development
	EndGlobalSection
	GlobalSection(SolutionProperties) = preSolution
		HideSolutionNode = FALSE
	EndGlobalSection
EndGlobal
